
Microsoft Visual Studio Solution File, Format Version 12.00
# Visual Studio Version 16
VisualStudioVersion = 16.0.29503.13
MinimumVisualStudioVersion = 10.0.40219.1
Project("{FAE04EC0-301F-11D3-BF4B-00C04F79EFBC}") = "DacSan", "DacSan\DacSan.csproj", "{66318032-1A4E-4AD1-9759-333D70B093E7}"
EndProject
Project("{00D1A9C2-B5F0-4AF3-8072-F6C62B433612}") = "QLDacSanBuoiDB", "QLDacSanBuoiDB\QLDacSanBuoiDB.sqlproj", "{65C995A9-96DE-4D70-BB98-057EE7810F46}"
EndProject
Project("{FAE04EC0-301F-11D3-BF4B-00C04F79EFBC}") = "DataLibrary", "DataLibrary\DataLibrary.csproj", "{89D4172B-AF61-44BF-974B-D8ACFB57F151}"
EndProject
Global
	GlobalSection(SolutionConfigurationPlatforms) = preSolution
		Debug|Any CPU = Debug|Any CPU
		Release|Any CPU = Release|Any CPU
	EndGlobalSection
	GlobalSection(ProjectConfigurationPlatforms) = postSolution
		{66318032-1A4E-4AD1-9759-333D70B093E7}.Debug|Any CPU.ActiveCfg = Debug|Any CPU
		{66318032-1A4E-4AD1-9759-333D70B093E7}.Debug|Any CPU.Build.0 = Debug|Any CPU
		{66318032-1A4E-4AD1-9759-333D70B093E7}.Release|Any CPU.ActiveCfg = Release|Any CPU
		{66318032-1A4E-4AD1-9759-333D70B093E7}.Release|Any CPU.Build.0 = Release|Any CPU
		{65C995A9-96DE-4D70-BB98-057EE7810F46}.Debug|Any CPU.ActiveCfg = Debug|Any CPU
		{65C995A9-96DE-4D70-BB98-057EE7810F46}.Debug|Any CPU.Build.0 = Debug|Any CPU
		{65C995A9-96DE-4D70-BB98-057EE7810F46}.Debug|Any CPU.Deploy.0 = Debug|Any CPU
		{65C995A9-96DE-4D70-BB98-057EE7810F46}.Release|Any CPU.ActiveCfg = Release|Any CPU
		{65C995A9-96DE-4D70-BB98-057EE7810F46}.Release|Any CPU.Build.0 = Release|Any CPU
		{65C995A9-96DE-4D70-BB98-057EE7810F46}.Release|Any CPU.Deploy.0 = Release|Any CPU
		{89D4172B-AF61-44BF-974B-D8ACFB57F151}.Debug|Any CPU.ActiveCfg = Debug|Any CPU
		{89D4172B-AF61-44BF-974B-D8ACFB57F151}.Debug|Any CPU.Build.0 = Debug|Any CPU
		{89D4172B-AF61-44BF-974B-D8ACFB57F151}.Release|Any CPU.ActiveCfg = Release|Any CPU
		{89D4172B-AF61-44BF-974B-D8ACFB57F151}.Release|Any CPU.Build.0 = Release|Any CPU
	EndGlobalSection
	GlobalSection(SolutionProperties) = preSolution
		HideSolutionNode = FALSE
	EndGlobalSection
	GlobalSection(ExtensibilityGlobals) = postSolution
		SolutionGuid = {0CB59991-39D9-4DCC-B263-84D7E4A69112}
	EndGlobalSection
EndGlobal
